
Microsoft Visual Studio Solution File, Format Version 12.00
# Visual Studio Version 16
VisualStudioVersion = 16.0.32802.440
MinimumVisualStudioVersion = 10.0.40219.1
Project("{9A19103F-16F7-4668-BE54-9A1E7A4F7556}") = "API", "API\API.csproj", "{9AAF327E-478A-4C27-970D-72DFA3596820}"
EndProject
Project("{9A19103F-16F7-4668-BE54-9A1E7A4F7556}") = "CLIENT", "CLIENT\CLIENT.csproj", "{286CCAE0-F0DD-4B3E-8C42-B8DDD55832BE}"
EndProject
Global
	GlobalSection(SolutionConfigurationPlatforms) = preSolution
		Debug|Any CPU = Debug|Any CPU
		Release|Any CPU = Release|Any CPU
	EndGlobalSection
	GlobalSection(ProjectConfigurationPlatforms) = postSolution
		{9AAF327E-478A-4C27-970D-72DFA3596820}.Debug|Any CPU.ActiveCfg = Debug|Any CPU
		{9AAF327E-478A-4C27-970D-72DFA3596820}.Debug|Any CPU.Build.0 = Debug|Any CPU
		{9AAF327E-478A-4C27-970D-72DFA3596820}.Release|Any CPU.ActiveCfg = Release|Any CPU
		{9AAF327E-478A-4C27-970D-72DFA3596820}.Release|Any CPU.Build.0 = Release|Any CPU
		{286CCAE0-F0DD-4B3E-8C42-B8DDD55832BE}.Debug|Any CPU.ActiveCfg = Debug|Any CPU
		{286CCAE0-F0DD-4B3E-8C42-B8DDD55832BE}.Debug|Any CPU.Build.0 = Debug|Any CPU
		{286CCAE0-F0DD-4B3E-8C42-B8DDD55832BE}.Release|Any CPU.ActiveCfg = Release|Any CPU
		{286CCAE0-F0DD-4B3E-8C42-B8DDD55832BE}.Release|Any CPU.Build.0 = Release|Any CPU
	EndGlobalSection
	GlobalSection(SolutionProperties) = preSolution
		HideSolutionNode = FALSE
	EndGlobalSection
	GlobalSection(ExtensibilityGlobals) = postSolution
		SolutionGuid = {BFD72C07-8C83-4F97-A0E9-140B3F3591D3}
	EndGlobalSection
EndGlobal
